
Microsoft Visual Studio Solution File, Format Version 12.00
# Visual Studio Version 17
VisualStudioVersion = 17.0.31903.59
MinimumVisualStudioVersion = 10.0.40219.1
Project("{2150E333-8FDC-42A3-9474-1A3956D46DE8}") = "src", "src", "{827E0CD3-B72D-47B6-A68D-7590B98EB39B}"
EndProject
Project("{FAE04EC0-301F-11D3-BF4B-00C04F79EFBC}") = "PostQuantum.SecretSharing", "src\PostQuantum.SecretSharing\PostQuantum.SecretSharing.csproj", "{01606E2E-B428-4318-814F-EC2EA7EE5CAD}"
EndProject
Project("{2150E333-8FDC-42A3-9474-1A3956D46DE8}") = "tests", "tests", "{0AB3BF05-4346-4AA6-1389-037BE0695223}"
EndProject
Project("{FAE04EC0-301F-11D3-BF4B-00C04F79EFBC}") = "PostQuantum.SecretSharing.Tests", "tests\PostQuantum.SecretSharing.Tests\PostQuantum.SecretSharing.Tests.csproj", "{7C46CEB8-7C88-44A8-9433-0255520990EC}"
EndProject
Project("{2150E333-8FDC-42A3-9474-1A3956D46DE8}") = "samples", "samples", "{5D20AA90-6969-D8BD-9DCD-8634F4692FDA}"
EndProject
Project("{FAE04EC0-301F-11D3-BF4B-00C04F79EFBC}") = "SignerCustody", "samples\SignerCustody\SignerCustody.csproj", "{409DDDC4-8743-4466-A2BF-8D5B956D3280}"
EndProject
Project("{FAE04EC0-301F-11D3-BF4B-00C04F79EFBC}") = "EnvelopeRecovery", "samples\EnvelopeRecovery\EnvelopeRecovery.csproj", "{EAFFEB3B-23E4-484A-899B-804964DB007B}"
EndProject
Project("{FAE04EC0-301F-11D3-BF4B-00C04F79EFBC}") = "PqssCli", "samples\PqssCli\PqssCli.csproj", "{0394C5B2-4348-47FB-AF66-A123DC78FA84}"
EndProject
Project("{FAE04EC0-301F-11D3-BF4B-00C04F79EFBC}") = "VaultUnseal", "samples\VaultUnseal\VaultUnseal.csproj", "{00985918-CE0E-4581-9B22-94A65BE4E9FE}"
EndProject
Project("{FAE04EC0-301F-11D3-BF4B-00C04F79EFBC}") = "AspNetCoreDataProtection", "samples\AspNetCoreDataProtection\AspNetCoreDataProtection.csproj", "{5B3DB4C5-7F49-41AC-8FAF-F068199A0512}"
EndProject
Project("{2150E333-8FDC-42A3-9474-1A3956D46DE8}") = "benchmarks", "benchmarks", "{66320409-64EC-F7C5-3DEF-65E7510DAAD1}"
EndProject
Project("{FAE04EC0-301F-11D3-BF4B-00C04F79EFBC}") = "PostQuantum.SecretSharing.Benchmarks", "benchmarks\PostQuantum.SecretSharing.Benchmarks\PostQuantum.SecretSharing.Benchmarks.csproj", "{E6E745FE-35A5-4127-ADAD-DFBE001496D4}"
EndProject
Project("{FAE04EC0-301F-11D3-BF4B-00C04F79EFBC}") = "PostQuantum.SecretSharing.Vss", "src\PostQuantum.SecretSharing.Vss\PostQuantum.SecretSharing.Vss.csproj", "{F45CF5A6-76F0-485B-82F8-72218FDC2F59}"
EndProject
Project("{FAE04EC0-301F-11D3-BF4B-00C04F79EFBC}") = "PostQuantum.SecretSharing.Vss.Tests", "tests\PostQuantum.SecretSharing.Vss.Tests\PostQuantum.SecretSharing.Vss.Tests.csproj", "{469C5735-406E-402F-AC00-E134C69AA545}"
EndProject
Project("{FAE04EC0-301F-11D3-BF4B-00C04F79EFBC}") = "MaliciousDealerDetected", "samples\MaliciousDealerDetected\MaliciousDealerDetected.csproj", "{768054A6-4FA3-435B-8BE1-E94D142DA639}"
EndProject
Global
	GlobalSection(SolutionConfigurationPlatforms) = preSolution
		Debug|Any CPU = Debug|Any CPU
		Debug|x64 = Debug|x64
		Debug|x86 = Debug|x86
		Release|Any CPU = Release|Any CPU
		Release|x64 = Release|x64
		Release|x86 = Release|x86
	EndGlobalSection
	GlobalSection(ProjectConfigurationPlatforms) = postSolution
		{01606E2E-B428-4318-814F-EC2EA7EE5CAD}.Debug|Any CPU.ActiveCfg = Debug|Any CPU
		{01606E2E-B428-4318-814F-EC2EA7EE5CAD}.Debug|Any CPU.Build.0 = Debug|Any CPU
		{01606E2E-B428-4318-814F-EC2EA7EE5CAD}.Debug|x64.ActiveCfg = Debug|Any CPU
		{01606E2E-B428-4318-814F-EC2EA7EE5CAD}.Debug|x64.Build.0 = Debug|Any CPU
		{01606E2E-B428-4318-814F-EC2EA7EE5CAD}.Debug|x86.ActiveCfg = Debug|Any CPU
		{01606E2E-B428-4318-814F-EC2EA7EE5CAD}.Debug|x86.Build.0 = Debug|Any CPU
		{01606E2E-B428-4318-814F-EC2EA7EE5CAD}.Release|Any CPU.ActiveCfg = Release|Any CPU
		{01606E2E-B428-4318-814F-EC2EA7EE5CAD}.Release|Any CPU.Build.0 = Release|Any CPU
		{01606E2E-B428-4318-814F-EC2EA7EE5CAD}.Release|x64.ActiveCfg = Release|Any CPU
		{01606E2E-B428-4318-814F-EC2EA7EE5CAD}.Release|x64.Build.0 = Release|Any CPU
		{01606E2E-B428-4318-814F-EC2EA7EE5CAD}.Release|x86.ActiveCfg = Release|Any CPU
		{01606E2E-B428-4318-814F-EC2EA7EE5CAD}.Release|x86.Build.0 = Release|Any CPU
		{7C46CEB8-7C88-44A8-9433-0255520990EC}.Debug|Any CPU.ActiveCfg = Debug|Any CPU
		{7C46CEB8-7C88-44A8-9433-0255520990EC}.Debug|Any CPU.Build.0 = Debug|Any CPU
		{7C46CEB8-7C88-44A8-9433-0255520990EC}.Debug|x64.ActiveCfg = Debug|Any CPU
		{7C46CEB8-7C88-44A8-9433-0255520990EC}.Debug|x64.Build.0 = Debug|Any CPU
		{7C46CEB8-7C88-44A8-9433-0255520990EC}.Debug|x86.ActiveCfg = Debug|Any CPU
		{7C46CEB8-7C88-44A8-9433-0255520990EC}.Debug|x86.Build.0 = Debug|Any CPU
		{7C46CEB8-7C88-44A8-9433-0255520990EC}.Release|Any CPU.ActiveCfg = Release|Any CPU
		{7C46CEB8-7C88-44A8-9433-0255520990EC}.Release|Any CPU.Build.0 = Release|Any CPU
		{7C46CEB8-7C88-44A8-9433-0255520990EC}.Release|x64.ActiveCfg = Release|Any CPU
		{7C46CEB8-7C88-44A8-9433-0255520990EC}.Release|x64.Build.0 = Release|Any CPU
		{7C46CEB8-7C88-44A8-9433-0255520990EC}.Release|x86.ActiveCfg = Release|Any CPU
		{7C46CEB8-7C88-44A8-9433-0255520990EC}.Release|x86.Build.0 = Release|Any CPU
		{409DDDC4-8743-4466-A2BF-8D5B956D3280}.Debug|Any CPU.ActiveCfg = Debug|Any CPU
		{409DDDC4-8743-4466-A2BF-8D5B956D3280}.Debug|Any CPU.Build.0 = Debug|Any CPU
		{409DDDC4-8743-4466-A2BF-8D5B956D3280}.Debug|x64.ActiveCfg = Debug|Any CPU
		{409DDDC4-8743-4466-A2BF-8D5B956D3280}.Debug|x64.Build.0 = Debug|Any CPU
		{409DDDC4-8743-4466-A2BF-8D5B956D3280}.Debug|x86.ActiveCfg = Debug|Any CPU
		{409DDDC4-8743-4466-A2BF-8D5B956D3280}.Debug|x86.Build.0 = Debug|Any CPU
		{409DDDC4-8743-4466-A2BF-8D5B956D3280}.Release|Any CPU.ActiveCfg = Release|Any CPU
		{409DDDC4-8743-4466-A2BF-8D5B956D3280}.Release|Any CPU.Build.0 = Release|Any CPU
		{409DDDC4-8743-4466-A2BF-8D5B956D3280}.Release|x64.ActiveCfg = Release|Any CPU
		{409DDDC4-8743-4466-A2BF-8D5B956D3280}.Release|x64.Build.0 = Release|Any CPU
		{409DDDC4-8743-4466-A2BF-8D5B956D3280}.Release|x86.ActiveCfg = Release|Any CPU
		{409DDDC4-8743-4466-A2BF-8D5B956D3280}.Release|x86.Build.0 = Release|Any CPU
		{EAFFEB3B-23E4-484A-899B-804964DB007B}.Debug|Any CPU.ActiveCfg = Debug|Any CPU
		{EAFFEB3B-23E4-484A-899B-804964DB007B}.Debug|Any CPU.Build.0 = Debug|Any CPU
		{EAFFEB3B-23E4-484A-899B-804964DB007B}.Debug|x64.ActiveCfg = Debug|Any CPU
		{EAFFEB3B-23E4-484A-899B-804964DB007B}.Debug|x64.Build.0 = Debug|Any CPU
		{EAFFEB3B-23E4-484A-899B-804964DB007B}.Debug|x86.ActiveCfg = Debug|Any CPU
		{EAFFEB3B-23E4-484A-899B-804964DB007B}.Debug|x86.Build.0 = Debug|Any CPU
		{EAFFEB3B-23E4-484A-899B-804964DB007B}.Release|Any CPU.ActiveCfg = Release|Any CPU
		{EAFFEB3B-23E4-484A-899B-804964DB007B}.Release|Any CPU.Build.0 = Release|Any CPU
		{EAFFEB3B-23E4-484A-899B-804964DB007B}.Release|x64.ActiveCfg = Release|Any CPU
		{EAFFEB3B-23E4-484A-899B-804964DB007B}.Release|x64.Build.0 = Release|Any CPU
		{EAFFEB3B-23E4-484A-899B-804964DB007B}.Release|x86.ActiveCfg = Release|Any CPU
		{EAFFEB3B-23E4-484A-899B-804964DB007B}.Release|x86.Build.0 = Release|Any CPU
		{0394C5B2-4348-47FB-AF66-A123DC78FA84}.Debug|Any CPU.ActiveCfg = Debug|Any CPU
		{0394C5B2-4348-47FB-AF66-A123DC78FA84}.Debug|Any CPU.Build.0 = Debug|Any CPU
		{0394C5B2-4348-47FB-AF66-A123DC78FA84}.Debug|x64.ActiveCfg = Debug|Any CPU
		{0394C5B2-4348-47FB-AF66-A123DC78FA84}.Debug|x64.Build.0 = Debug|Any CPU
		{0394C5B2-4348-47FB-AF66-A123DC78FA84}.Debug|x86.ActiveCfg = Debug|Any CPU
		{0394C5B2-4348-47FB-AF66-A123DC78FA84}.Debug|x86.Build.0 = Debug|Any CPU
		{0394C5B2-4348-47FB-AF66-A123DC78FA84}.Release|Any CPU.ActiveCfg = Release|Any CPU
		{0394C5B2-4348-47FB-AF66-A123DC78FA84}.Release|Any CPU.Build.0 = Release|Any CPU
		{0394C5B2-4348-47FB-AF66-A123DC78FA84}.Release|x64.ActiveCfg = Release|Any CPU
		{0394C5B2-4348-47FB-AF66-A123DC78FA84}.Release|x64.Build.0 = Release|Any CPU
		{0394C5B2-4348-47FB-AF66-A123DC78FA84}.Release|x86.ActiveCfg = Release|Any CPU
		{0394C5B2-4348-47FB-AF66-A123DC78FA84}.Release|x86.Build.0 = Release|Any CPU
		{00985918-CE0E-4581-9B22-94A65BE4E9FE}.Debug|Any CPU.ActiveCfg = Debug|Any CPU
		{00985918-CE0E-4581-9B22-94A65BE4E9FE}.Debug|Any CPU.Build.0 = Debug|Any CPU
		{00985918-CE0E-4581-9B22-94A65BE4E9FE}.Debug|x64.ActiveCfg = Debug|Any CPU
		{00985918-CE0E-4581-9B22-94A65BE4E9FE}.Debug|x64.Build.0 = Debug|Any CPU
		{00985918-CE0E-4581-9B22-94A65BE4E9FE}.Debug|x86.ActiveCfg = Debug|Any CPU
		{00985918-CE0E-4581-9B22-94A65BE4E9FE}.Debug|x86.Build.0 = Debug|Any CPU
		{00985918-CE0E-4581-9B22-94A65BE4E9FE}.Release|Any CPU.ActiveCfg = Release|Any CPU
		{00985918-CE0E-4581-9B22-94A65BE4E9FE}.Release|Any CPU.Build.0 = Release|Any CPU
		{00985918-CE0E-4581-9B22-94A65BE4E9FE}.Release|x64.ActiveCfg = Release|Any CPU
		{00985918-CE0E-4581-9B22-94A65BE4E9FE}.Release|x64.Build.0 = Release|Any CPU
		{00985918-CE0E-4581-9B22-94A65BE4E9FE}.Release|x86.ActiveCfg = Release|Any CPU
		{00985918-CE0E-4581-9B22-94A65BE4E9FE}.Release|x86.Build.0 = Release|Any CPU
		{5B3DB4C5-7F49-41AC-8FAF-F068199A0512}.Debug|Any CPU.ActiveCfg = Debug|Any CPU
		{5B3DB4C5-7F49-41AC-8FAF-F068199A0512}.Debug|Any CPU.Build.0 = Debug|Any CPU
		{5B3DB4C5-7F49-41AC-8FAF-F068199A0512}.Debug|x64.ActiveCfg = Debug|Any CPU
		{5B3DB4C5-7F49-41AC-8FAF-F068199A0512}.Debug|x64.Build.0 = Debug|Any CPU
		{5B3DB4C5-7F49-41AC-8FAF-F068199A0512}.Debug|x86.ActiveCfg = Debug|Any CPU
		{5B3DB4C5-7F49-41AC-8FAF-F068199A0512}.Debug|x86.Build.0 = Debug|Any CPU
		{5B3DB4C5-7F49-41AC-8FAF-F068199A0512}.Release|Any CPU.ActiveCfg = Release|Any CPU
		{5B3DB4C5-7F49-41AC-8FAF-F068199A0512}.Release|Any CPU.Build.0 = Release|Any CPU
		{5B3DB4C5-7F49-41AC-8FAF-F068199A0512}.Release|x64.ActiveCfg = Release|Any CPU
		{5B3DB4C5-7F49-41AC-8FAF-F068199A0512}.Release|x64.Build.0 = Release|Any CPU
		{5B3DB4C5-7F49-41AC-8FAF-F068199A0512}.Release|x86.ActiveCfg = Release|Any CPU
		{5B3DB4C5-7F49-41AC-8FAF-F068199A0512}.Release|x86.Build.0 = Release|Any CPU
		{E6E745FE-35A5-4127-ADAD-DFBE001496D4}.Debug|Any CPU.ActiveCfg = Debug|Any CPU
		{E6E745FE-35A5-4127-ADAD-DFBE001496D4}.Debug|Any CPU.Build.0 = Debug|Any CPU
		{E6E745FE-35A5-4127-ADAD-DFBE001496D4}.Debug|x64.ActiveCfg = Debug|Any CPU
		{E6E745FE-35A5-4127-ADAD-DFBE001496D4}.Debug|x64.Build.0 = Debug|Any CPU
		{E6E745FE-35A5-4127-ADAD-DFBE001496D4}.Debug|x86.ActiveCfg = Debug|Any CPU
		{E6E745FE-35A5-4127-ADAD-DFBE001496D4}.Debug|x86.Build.0 = Debug|Any CPU
		{E6E745FE-35A5-4127-ADAD-DFBE001496D4}.Release|Any CPU.ActiveCfg = Release|Any CPU
		{E6E745FE-35A5-4127-ADAD-DFBE001496D4}.Release|Any CPU.Build.0 = Release|Any CPU
		{E6E745FE-35A5-4127-ADAD-DFBE001496D4}.Release|x64.ActiveCfg = Release|Any CPU
		{E6E745FE-35A5-4127-ADAD-DFBE001496D4}.Release|x64.Build.0 = Release|Any CPU
		{E6E745FE-35A5-4127-ADAD-DFBE001496D4}.Release|x86.ActiveCfg = Release|Any CPU
		{E6E745FE-35A5-4127-ADAD-DFBE001496D4}.Release|x86.Build.0 = Release|Any CPU
		{F45CF5A6-76F0-485B-82F8-72218FDC2F59}.Debug|Any CPU.ActiveCfg = Debug|Any CPU
		{F45CF5A6-76F0-485B-82F8-72218FDC2F59}.Debug|Any CPU.Build.0 = Debug|Any CPU
		{F45CF5A6-76F0-485B-82F8-72218FDC2F59}.Debug|x64.ActiveCfg = Debug|Any CPU
		{F45CF5A6-76F0-485B-82F8-72218FDC2F59}.Debug|x64.Build.0 = Debug|Any CPU
		{F45CF5A6-76F0-485B-82F8-72218FDC2F59}.Debug|x86.ActiveCfg = Debug|Any CPU
		{F45CF5A6-76F0-485B-82F8-72218FDC2F59}.Debug|x86.Build.0 = Debug|Any CPU
		{F45CF5A6-76F0-485B-82F8-72218FDC2F59}.Release|Any CPU.ActiveCfg = Release|Any CPU
		{F45CF5A6-76F0-485B-82F8-72218FDC2F59}.Release|Any CPU.Build.0 = Release|Any CPU
		{F45CF5A6-76F0-485B-82F8-72218FDC2F59}.Release|x64.ActiveCfg = Release|Any CPU
		{F45CF5A6-76F0-485B-82F8-72218FDC2F59}.Release|x64.Build.0 = Release|Any CPU
		{F45CF5A6-76F0-485B-82F8-72218FDC2F59}.Release|x86.ActiveCfg = Release|Any CPU
		{F45CF5A6-76F0-485B-82F8-72218FDC2F59}.Release|x86.Build.0 = Release|Any CPU
		{469C5735-406E-402F-AC00-E134C69AA545}.Debug|Any CPU.ActiveCfg = Debug|Any CPU
		{469C5735-406E-402F-AC00-E134C69AA545}.Debug|Any CPU.Build.0 = Debug|Any CPU
		{469C5735-406E-402F-AC00-E134C69AA545}.Debug|x64.ActiveCfg = Debug|Any CPU
		{469C5735-406E-402F-AC00-E134C69AA545}.Debug|x64.Build.0 = Debug|Any CPU
		{469C5735-406E-402F-AC00-E134C69AA545}.Debug|x86.ActiveCfg = Debug|Any CPU
		{469C5735-406E-402F-AC00-E134C69AA545}.Debug|x86.Build.0 = Debug|Any CPU
		{469C5735-406E-402F-AC00-E134C69AA545}.Release|Any CPU.ActiveCfg = Release|Any CPU
		{469C5735-406E-402F-AC00-E134C69AA545}.Release|Any CPU.Build.0 = Release|Any CPU
		{469C5735-406E-402F-AC00-E134C69AA545}.Release|x64.ActiveCfg = Release|Any CPU
		{469C5735-406E-402F-AC00-E134C69AA545}.Release|x64.Build.0 = Release|Any CPU
		{469C5735-406E-402F-AC00-E134C69AA545}.Release|x86.ActiveCfg = Release|Any CPU
		{469C5735-406E-402F-AC00-E134C69AA545}.Release|x86.Build.0 = Release|Any CPU
		{768054A6-4FA3-435B-8BE1-E94D142DA639}.Debug|Any CPU.ActiveCfg = Debug|Any CPU
		{768054A6-4FA3-435B-8BE1-E94D142DA639}.Debug|Any CPU.Build.0 = Debug|Any CPU
		{768054A6-4FA3-435B-8BE1-E94D142DA639}.Debug|x64.ActiveCfg = Debug|Any CPU
		{768054A6-4FA3-435B-8BE1-E94D142DA639}.Debug|x64.Build.0 = Debug|Any CPU
		{768054A6-4FA3-435B-8BE1-E94D142DA639}.Debug|x86.ActiveCfg = Debug|Any CPU
		{768054A6-4FA3-435B-8BE1-E94D142DA639}.Debug|x86.Build.0 = Debug|Any CPU
		{768054A6-4FA3-435B-8BE1-E94D142DA639}.Release|Any CPU.ActiveCfg = Release|Any CPU
		{768054A6-4FA3-435B-8BE1-E94D142DA639}.Release|Any CPU.Build.0 = Release|Any CPU
		{768054A6-4FA3-435B-8BE1-E94D142DA639}.Release|x64.ActiveCfg = Release|Any CPU
		{768054A6-4FA3-435B-8BE1-E94D142DA639}.Release|x64.Build.0 = Release|Any CPU
		{768054A6-4FA3-435B-8BE1-E94D142DA639}.Release|x86.ActiveCfg = Release|Any CPU
		{768054A6-4FA3-435B-8BE1-E94D142DA639}.Release|x86.Build.0 = Release|Any CPU
	EndGlobalSection
	GlobalSection(SolutionProperties) = preSolution
		HideSolutionNode = FALSE
	EndGlobalSection
	GlobalSection(NestedProjects) = preSolution
		{01606E2E-B428-4318-814F-EC2EA7EE5CAD} = {827E0CD3-B72D-47B6-A68D-7590B98EB39B}
		{7C46CEB8-7C88-44A8-9433-0255520990EC} = {0AB3BF05-4346-4AA6-1389-037BE0695223}
		{409DDDC4-8743-4466-A2BF-8D5B956D3280} = {5D20AA90-6969-D8BD-9DCD-8634F4692FDA}
		{EAFFEB3B-23E4-484A-899B-804964DB007B} = {5D20AA90-6969-D8BD-9DCD-8634F4692FDA}
		{0394C5B2-4348-47FB-AF66-A123DC78FA84} = {5D20AA90-6969-D8BD-9DCD-8634F4692FDA}
		{00985918-CE0E-4581-9B22-94A65BE4E9FE} = {5D20AA90-6969-D8BD-9DCD-8634F4692FDA}
		{5B3DB4C5-7F49-41AC-8FAF-F068199A0512} = {5D20AA90-6969-D8BD-9DCD-8634F4692FDA}
		{E6E745FE-35A5-4127-ADAD-DFBE001496D4} = {66320409-64EC-F7C5-3DEF-65E7510DAAD1}
		{F45CF5A6-76F0-485B-82F8-72218FDC2F59} = {827E0CD3-B72D-47B6-A68D-7590B98EB39B}
		{469C5735-406E-402F-AC00-E134C69AA545} = {0AB3BF05-4346-4AA6-1389-037BE0695223}
		{768054A6-4FA3-435B-8BE1-E94D142DA639} = {5D20AA90-6969-D8BD-9DCD-8634F4692FDA}
	EndGlobalSection
EndGlobal
